
Microsoft Visual Studio Solution File, Format Version 12.00
# Visual Studio Version 17
VisualStudioVersion = 17.0.31903.59
MinimumVisualStudioVersion = 15.0.26124.0
Project("{9A19103F-16F7-4668-BE54-9A1E7A4F7556}") = "InstructorIQ.Core", "src\InstructorIQ.Core\InstructorIQ.Core.csproj", "{44BD55A6-EBCC-45CC-AB74-C635143F8FD1}"
EndProject
Project("{9A19103F-16F7-4668-BE54-9A1E7A4F7556}") = "InstructorIQ.Core.Tests", "test\InstructorIQ.Core.Tests\InstructorIQ.Core.Tests.csproj", "{3DE7843A-C27E-4C4E-B900-A3660DBDB648}"
EndProject
Project("{9A19103F-16F7-4668-BE54-9A1E7A4F7556}") = "InstructorIQ.JobRunner", "src\InstructorIQ.JobRunner\InstructorIQ.JobRunner.csproj", "{72478988-2745-4EE6-841C-64F7C87FBF74}"
EndProject
Project("{2150E333-8FDC-42A3-9474-1A3956D46DE8}") = "Tests", "Tests", "{BCD3965E-C61E-47E7-9D04-A215F2BF2AFD}"
EndProject
Project("{9A19103F-16F7-4668-BE54-9A1E7A4F7556}") = "InstructorIQ.WebApplication", "src\InstructorIQ.WebApplication\InstructorIQ.WebApplication.csproj", "{7249CA9F-D566-431F-BE39-A14FE264CB04}"
EndProject
Project("{2150E333-8FDC-42A3-9474-1A3956D46DE8}") = "Build", "Build", "{64DEECE6-F644-428A-9094-3729E6A74698}"
	ProjectSection(SolutionItems) = preProject
		..\appveyor.yml = ..\appveyor.yml
		..\build.ps1 = ..\build.ps1
		..\.github\workflows\dotnet.yml = ..\.github\workflows\dotnet.yml
		..\test.ps1 = ..\test.ps1
		version.props = version.props
	EndProjectSection
EndProject
Global
	GlobalSection(SolutionConfigurationPlatforms) = preSolution
		Debug|Any CPU = Debug|Any CPU
		Release|Any CPU = Release|Any CPU
	EndGlobalSection
	GlobalSection(ProjectConfigurationPlatforms) = postSolution
		{44BD55A6-EBCC-45CC-AB74-C635143F8FD1}.Debug|Any CPU.ActiveCfg = Debug|Any CPU
		{44BD55A6-EBCC-45CC-AB74-C635143F8FD1}.Debug|Any CPU.Build.0 = Debug|Any CPU
		{44BD55A6-EBCC-45CC-AB74-C635143F8FD1}.Release|Any CPU.ActiveCfg = Release|Any CPU
		{44BD55A6-EBCC-45CC-AB74-C635143F8FD1}.Release|Any CPU.Build.0 = Release|Any CPU
		{3DE7843A-C27E-4C4E-B900-A3660DBDB648}.Debug|Any CPU.ActiveCfg = Debug|Any CPU
		{3DE7843A-C27E-4C4E-B900-A3660DBDB648}.Debug|Any CPU.Build.0 = Debug|Any CPU
		{3DE7843A-C27E-4C4E-B900-A3660DBDB648}.Release|Any CPU.ActiveCfg = Release|Any CPU
		{3DE7843A-C27E-4C4E-B900-A3660DBDB648}.Release|Any CPU.Build.0 = Release|Any CPU
		{72478988-2745-4EE6-841C-64F7C87FBF74}.Debug|Any CPU.ActiveCfg = Debug|Any CPU
		{72478988-2745-4EE6-841C-64F7C87FBF74}.Debug|Any CPU.Build.0 = Debug|Any CPU
		{72478988-2745-4EE6-841C-64F7C87FBF74}.Release|Any CPU.ActiveCfg = Release|Any CPU
		{72478988-2745-4EE6-841C-64F7C87FBF74}.Release|Any CPU.Build.0 = Release|Any CPU
		{7249CA9F-D566-431F-BE39-A14FE264CB04}.Debug|Any CPU.ActiveCfg = Debug|Any CPU
		{7249CA9F-D566-431F-BE39-A14FE264CB04}.Debug|Any CPU.Build.0 = Debug|Any CPU
		{7249CA9F-D566-431F-BE39-A14FE264CB04}.Release|Any CPU.ActiveCfg = Release|Any CPU
		{7249CA9F-D566-431F-BE39-A14FE264CB04}.Release|Any CPU.Build.0 = Release|Any CPU
	EndGlobalSection
	GlobalSection(SolutionProperties) = preSolution
		HideSolutionNode = FALSE
	EndGlobalSection
	GlobalSection(NestedProjects) = preSolution
		{3DE7843A-C27E-4C4E-B900-A3660DBDB648} = {BCD3965E-C61E-47E7-9D04-A215F2BF2AFD}
	EndGlobalSection
	GlobalSection(ExtensibilityGlobals) = postSolution
		SolutionGuid = {BDE38438-430F-4D9D-A178-915C63A859AC}
	EndGlobalSection
EndGlobal
