
Microsoft Visual Studio Solution File, Format Version 12.00
# Visual Studio 15
VisualStudioVersion = 15.0.27004.2009
MinimumVisualStudioVersion = 15.0.26124.0
Project("{9A19103F-16F7-4668-BE54-9A1E7A4F7556}") = "InstructorIQ.Web", "src\InstructorIQ.Web\InstructorIQ.Web.csproj", "{7AF646A4-B4B2-4226-9C8E-6A9B218C161A}"
EndProject
Project("{9A19103F-16F7-4668-BE54-9A1E7A4F7556}") = "InstructorIQ.Core", "src\InstructorIQ.Core\InstructorIQ.Core.csproj", "{44BD55A6-EBCC-45CC-AB74-C635143F8FD1}"
EndProject
Project("{9A19103F-16F7-4668-BE54-9A1E7A4F7556}") = "InstructorIQ.Core.Tests", "test\InstructorIQ.Core.Tests\InstructorIQ.Core.Tests.csproj", "{3DE7843A-C27E-4C4E-B900-A3660DBDB648}"
EndProject
Global
	GlobalSection(SolutionConfigurationPlatforms) = preSolution
		Debug|Any CPU = Debug|Any CPU
		Release|Any CPU = Release|Any CPU
	EndGlobalSection
	GlobalSection(ProjectConfigurationPlatforms) = postSolution
		{7AF646A4-B4B2-4226-9C8E-6A9B218C161A}.Debug|Any CPU.ActiveCfg = Debug|Any CPU
		{7AF646A4-B4B2-4226-9C8E-6A9B218C161A}.Debug|Any CPU.Build.0 = Debug|Any CPU
		{7AF646A4-B4B2-4226-9C8E-6A9B218C161A}.Release|Any CPU.ActiveCfg = Release|Any CPU
		{7AF646A4-B4B2-4226-9C8E-6A9B218C161A}.Release|Any CPU.Build.0 = Release|Any CPU
		{44BD55A6-EBCC-45CC-AB74-C635143F8FD1}.Debug|Any CPU.ActiveCfg = Debug|Any CPU
		{44BD55A6-EBCC-45CC-AB74-C635143F8FD1}.Debug|Any CPU.Build.0 = Debug|Any CPU
		{44BD55A6-EBCC-45CC-AB74-C635143F8FD1}.Release|Any CPU.ActiveCfg = Release|Any CPU
		{44BD55A6-EBCC-45CC-AB74-C635143F8FD1}.Release|Any CPU.Build.0 = Release|Any CPU
		{3DE7843A-C27E-4C4E-B900-A3660DBDB648}.Debug|Any CPU.ActiveCfg = Debug|Any CPU
		{3DE7843A-C27E-4C4E-B900-A3660DBDB648}.Debug|Any CPU.Build.0 = Debug|Any CPU
		{3DE7843A-C27E-4C4E-B900-A3660DBDB648}.Release|Any CPU.ActiveCfg = Release|Any CPU
		{3DE7843A-C27E-4C4E-B900-A3660DBDB648}.Release|Any CPU.Build.0 = Release|Any CPU
	EndGlobalSection
	GlobalSection(SolutionProperties) = preSolution
		HideSolutionNode = FALSE
	EndGlobalSection
	GlobalSection(ExtensibilityGlobals) = postSolution
		SolutionGuid = {BDE38438-430F-4D9D-A178-915C63A859AC}
	EndGlobalSection
EndGlobal
